
Microsoft Visual Studio Solution File, Format Version 12.00
# Visual Studio 15
VisualStudioVersion = 15.0.28307.572
MinimumVisualStudioVersion = 10.0.40219.1
Project("{FAE04EC0-301F-11D3-BF4B-00C04F79EFBC}") = "CrawlProducts", "CrawlProducts\CrawlProducts.csproj", "{46783460-BA1B-4121-AA24-AB1C69AEC983}"
EndProject
Global
	GlobalSection(SolutionConfigurationPlatforms) = preSolution
		Debug|Any CPU = Debug|Any CPU
		Release|Any CPU = Release|Any CPU
	EndGlobalSection
	GlobalSection(ProjectConfigurationPlatforms) = postSolution
		{46783460-BA1B-4121-AA24-AB1C69AEC983}.Debug|Any CPU.ActiveCfg = Debug|Any CPU
		{46783460-BA1B-4121-AA24-AB1C69AEC983}.Debug|Any CPU.Build.0 = Debug|Any CPU
		{46783460-BA1B-4121-AA24-AB1C69AEC983}.Release|Any CPU.ActiveCfg = Release|Any CPU
		{46783460-BA1B-4121-AA24-AB1C69AEC983}.Release|Any CPU.Build.0 = Release|Any CPU
	EndGlobalSection
	GlobalSection(SolutionProperties) = preSolution
		HideSolutionNode = FALSE
	EndGlobalSection
	GlobalSection(ExtensibilityGlobals) = postSolution
		SolutionGuid = {3625053C-E94C-4D9E-BE1B-2DC9E8E5D436}
	EndGlobalSection
EndGlobal
